
Microsoft Visual Studio Solution File, Format Version 12.00
# Visual Studio Version 17
VisualStudioVersion = 17.8.34316.72
MinimumVisualStudioVersion = 10.0.40219.1
Project("{FAE04EC0-301F-11D3-BF4B-00C04F79EFBC}") = "PassionProject", "PassionProject\PassionProject.csproj", "{D9680024-8375-45A1-86A5-A1CDFAA54B3B}"
EndProject
Global
	GlobalSection(SolutionConfigurationPlatforms) = preSolution
		Debug|Any CPU = Debug|Any CPU
		Release|Any CPU = Release|Any CPU
	EndGlobalSection
	GlobalSection(ProjectConfigurationPlatforms) = postSolution
		{D9680024-8375-45A1-86A5-A1CDFAA54B3B}.Debug|Any CPU.ActiveCfg = Debug|Any CPU
		{D9680024-8375-45A1-86A5-A1CDFAA54B3B}.Debug|Any CPU.Build.0 = Debug|Any CPU
		{D9680024-8375-45A1-86A5-A1CDFAA54B3B}.Release|Any CPU.ActiveCfg = Release|Any CPU
		{D9680024-8375-45A1-86A5-A1CDFAA54B3B}.Release|Any CPU.Build.0 = Release|Any CPU
	EndGlobalSection
	GlobalSection(SolutionProperties) = preSolution
		HideSolutionNode = FALSE
	EndGlobalSection
	GlobalSection(ExtensibilityGlobals) = postSolution
		SolutionGuid = {1FD456C0-0DC8-4D58-86A3-6248EF5F0B81}
	EndGlobalSection
EndGlobal
